
Microsoft Visual Studio Solution File, Format Version 12.00
# Visual Studio 15
VisualStudioVersion = 15.0.28307.1500
MinimumVisualStudioVersion = 10.0.40219.1
Project("{FAE04EC0-301F-11D3-BF4B-00C04F79EFBC}") = "ProneUiFix", "ProneUiFix\ProneUiFix.csproj", "{1A9D70BA-83B3-4E65-86B3-584CAD29804C}"
EndProject
Project("{FAE04EC0-301F-11D3-BF4B-00C04F79EFBC}") = "ToggleFullScreen", "ToggleFullScreen\ToggleFullScreen.csproj", "{8C11D46B-2B53-48FD-8A6C-5F4B7FF2659D}"
EndProject
Global
	GlobalSection(SolutionConfigurationPlatforms) = preSolution
		Debug|Any CPU = Debug|Any CPU
		Release|Any CPU = Release|Any CPU
	EndGlobalSection
	GlobalSection(ProjectConfigurationPlatforms) = postSolution
		{1A9D70BA-83B3-4E65-86B3-584CAD29804C}.Debug|Any CPU.ActiveCfg = Release|Any CPU
		{1A9D70BA-83B3-4E65-86B3-584CAD29804C}.Debug|Any CPU.Build.0 = Release|Any CPU
		{1A9D70BA-83B3-4E65-86B3-584CAD29804C}.Release|Any CPU.ActiveCfg = Release|Any CPU
		{1A9D70BA-83B3-4E65-86B3-584CAD29804C}.Release|Any CPU.Build.0 = Release|Any CPU
		{8C11D46B-2B53-48FD-8A6C-5F4B7FF2659D}.Debug|Any CPU.ActiveCfg = Debug|Any CPU
		{8C11D46B-2B53-48FD-8A6C-5F4B7FF2659D}.Debug|Any CPU.Build.0 = Debug|Any CPU
		{8C11D46B-2B53-48FD-8A6C-5F4B7FF2659D}.Release|Any CPU.ActiveCfg = Release|Any CPU
		{8C11D46B-2B53-48FD-8A6C-5F4B7FF2659D}.Release|Any CPU.Build.0 = Release|Any CPU
	EndGlobalSection
	GlobalSection(SolutionProperties) = preSolution
		HideSolutionNode = FALSE
	EndGlobalSection
	GlobalSection(ExtensibilityGlobals) = postSolution
		SolutionGuid = {3A8DEB75-A71F-4396-A78B-B9079BE51419}
	EndGlobalSection
EndGlobal
