
Microsoft Visual Studio Solution File, Format Version 12.00
Project("{2150E333-8FDC-42A3-9474-1A3956D46DE8}") = "Solution Items", "Solution Items", "{3A8DEB75-A71F-4396-A78B-B9079BE51419}"
ProjectSection(SolutionItems) = preProject
	Directory.Build.props = Directory.Build.props
	README.md = README.md
	.gitignore = .gitignore
EndProjectSection
EndProject
Project("{9A19103F-16F7-4668-BE54-9A1E7A4F7556}") = "BetterDirections", "BetterDirections\BetterDirections.csproj", "{218B09C2-41A3-4A09-B67C-13B507BEB87A}"
EndProject
Project("{9A19103F-16F7-4668-BE54-9A1E7A4F7556}") = "BetterPortalPlacement", "BetterPortalPlacement\BetterPortalPlacement.csproj", "{A28C05C3-69F4-4B82-842C-318FBC3F98DF}"
EndProject
Project("{9A19103F-16F7-4668-BE54-9A1E7A4F7556}") = "BetterSteadycam", "BetterSteadycam\BetterSteadycam.csproj", "{9379BCEA-10D3-44FF-B423-C3F197F2FA4B}"
EndProject
Project("{9A19103F-16F7-4668-BE54-9A1E7A4F7556}") = "DesktopCamera", "DesktopCamera\DesktopCamera.csproj", "{A02961D7-45A2-42C2-937A-8323FCBA5ED5}"
EndProject
Project("{9A19103F-16F7-4668-BE54-9A1E7A4F7556}") = "MLConsoleViewer", "MLConsoleViewer\MLConsoleViewer.csproj", "{2ACE412C-8E34-426C-93BE-E7482236A193}"
EndProject
Project("{9A19103F-16F7-4668-BE54-9A1E7A4F7556}") = "ProneUiFix", "ProneUiFix\ProneUiFix.csproj", "{1A9D70BA-83B3-4E65-86B3-584CAD29804C}"
EndProject
Project("{9A19103F-16F7-4668-BE54-9A1E7A4F7556}") = "RepositionQM", "RepositionQM\RepositionQM.csproj", "{E6D160BC-9D43-45DC-A35A-7CD72E667924}"
EndProject
Project("{9A19103F-16F7-4668-BE54-9A1E7A4F7556}") = "ToggleFullScreen", "ToggleFullScreen\ToggleFullScreen.csproj", "{8C11D46B-2B53-48FD-8A6C-5F4B7FF2659D}"
EndProject
Project("{9A19103F-16F7-4668-BE54-9A1E7A4F7556}") = "TrackingRotator", "TrackingRotator\TrackingRotator.csproj", "{652FEBB3-E7BD-4F5C-8AC4-51E36B19BC9D}"
EndProject
Global
	GlobalSection(SolutionConfigurationPlatforms) = preSolution
		Debug|Any CPU = Debug|Any CPU
		Release|Any CPU = Release|Any CPU
	EndGlobalSection
	GlobalSection(ProjectConfigurationPlatforms) = postSolution
		{218B09C2-41A3-4A09-B67C-13B507BEB87A}.Debug|Any CPU.ActiveCfg = Debug|Any CPU
		{218B09C2-41A3-4A09-B67C-13B507BEB87A}.Debug|Any CPU.Build.0 = Debug|Any CPU
		{218B09C2-41A3-4A09-B67C-13B507BEB87A}.Release|Any CPU.ActiveCfg = Release|Any CPU
		{218B09C2-41A3-4A09-B67C-13B507BEB87A}.Release|Any CPU.Build.0 = Release|Any CPU
		{A28C05C3-69F4-4B82-842C-318FBC3F98DF}.Debug|Any CPU.ActiveCfg = Debug|Any CPU
		{A28C05C3-69F4-4B82-842C-318FBC3F98DF}.Debug|Any CPU.Build.0 = Debug|Any CPU
		{A28C05C3-69F4-4B82-842C-318FBC3F98DF}.Release|Any CPU.ActiveCfg = Release|Any CPU
		{A28C05C3-69F4-4B82-842C-318FBC3F98DF}.Release|Any CPU.Build.0 = Release|Any CPU
		{9379BCEA-10D3-44FF-B423-C3F197F2FA4B}.Debug|Any CPU.ActiveCfg = Debug|Any CPU
		{9379BCEA-10D3-44FF-B423-C3F197F2FA4B}.Debug|Any CPU.Build.0 = Debug|Any CPU
		{9379BCEA-10D3-44FF-B423-C3F197F2FA4B}.Release|Any CPU.ActiveCfg = Release|Any CPU
		{9379BCEA-10D3-44FF-B423-C3F197F2FA4B}.Release|Any CPU.Build.0 = Release|Any CPU
		{A02961D7-45A2-42C2-937A-8323FCBA5ED5}.Debug|Any CPU.ActiveCfg = Debug|Any CPU
		{A02961D7-45A2-42C2-937A-8323FCBA5ED5}.Debug|Any CPU.Build.0 = Debug|Any CPU
		{A02961D7-45A2-42C2-937A-8323FCBA5ED5}.Release|Any CPU.ActiveCfg = Release|Any CPU
		{A02961D7-45A2-42C2-937A-8323FCBA5ED5}.Release|Any CPU.Build.0 = Release|Any CPU
		{2ACE412C-8E34-426C-93BE-E7482236A193}.Debug|Any CPU.ActiveCfg = Debug|Any CPU
		{2ACE412C-8E34-426C-93BE-E7482236A193}.Debug|Any CPU.Build.0 = Debug|Any CPU
		{2ACE412C-8E34-426C-93BE-E7482236A193}.Release|Any CPU.ActiveCfg = Release|Any CPU
		{2ACE412C-8E34-426C-93BE-E7482236A193}.Release|Any CPU.Build.0 = Release|Any CPU
		{1A9D70BA-83B3-4E65-86B3-584CAD29804C}.Debug|Any CPU.ActiveCfg = Debug|Any CPU
		{1A9D70BA-83B3-4E65-86B3-584CAD29804C}.Debug|Any CPU.Build.0 = Debug|Any CPU
		{1A9D70BA-83B3-4E65-86B3-584CAD29804C}.Release|Any CPU.ActiveCfg = Release|Any CPU
		{1A9D70BA-83B3-4E65-86B3-584CAD29804C}.Release|Any CPU.Build.0 = Release|Any CPU
		{E6D160BC-9D43-45DC-A35A-7CD72E667924}.Debug|Any CPU.ActiveCfg = Debug|Any CPU
		{E6D160BC-9D43-45DC-A35A-7CD72E667924}.Debug|Any CPU.Build.0 = Debug|Any CPU
		{E6D160BC-9D43-45DC-A35A-7CD72E667924}.Release|Any CPU.ActiveCfg = Release|Any CPU
		{E6D160BC-9D43-45DC-A35A-7CD72E667924}.Release|Any CPU.Build.0 = Release|Any CPU
		{8C11D46B-2B53-48FD-8A6C-5F4B7FF2659D}.Debug|Any CPU.ActiveCfg = Debug|Any CPU
		{8C11D46B-2B53-48FD-8A6C-5F4B7FF2659D}.Debug|Any CPU.Build.0 = Debug|Any CPU
		{8C11D46B-2B53-48FD-8A6C-5F4B7FF2659D}.Release|Any CPU.ActiveCfg = Release|Any CPU
		{8C11D46B-2B53-48FD-8A6C-5F4B7FF2659D}.Release|Any CPU.Build.0 = Release|Any CPU
		{652FEBB3-E7BD-4F5C-8AC4-51E36B19BC9D}.Debug|Any CPU.ActiveCfg = Debug|Any CPU
		{652FEBB3-E7BD-4F5C-8AC4-51E36B19BC9D}.Debug|Any CPU.Build.0 = Debug|Any CPU
		{652FEBB3-E7BD-4F5C-8AC4-51E36B19BC9D}.Release|Any CPU.ActiveCfg = Release|Any CPU
		{652FEBB3-E7BD-4F5C-8AC4-51E36B19BC9D}.Release|Any CPU.Build.0 = Release|Any CPU
	EndGlobalSection
	GlobalSection(SolutionProperties) = preSolution
		HideSolutionNode = FALSE
	EndGlobalSection
	GlobalSection(ExtensibilityGlobals) = postSolution
		SolutionGuid = {61894390-9C73-4820-880E-0D5B27FD550E}
	EndGlobalSection
EndGlobal
