
Microsoft Visual Studio Solution File, Format Version 12.00
# Visual Studio Version 16
VisualStudioVersion = 16.0.31005.135
MinimumVisualStudioVersion = 10.0.40219.1
Project("{FAE04EC0-301F-11D3-BF4B-00C04F79EFBC}") = "BetterSteadycam", "BetterSteadycam.csproj", "{9379BCEA-10D3-44FF-B423-C3F197F2FA4B}"
EndProject
Global
	GlobalSection(SolutionConfigurationPlatforms) = preSolution
		Debug|Any CPU = Debug|Any CPU
		Release|Any CPU = Release|Any CPU
	EndGlobalSection
	GlobalSection(ProjectConfigurationPlatforms) = postSolution
		{9379BCEA-10D3-44FF-B423-C3F197F2FA4B}.Debug|Any CPU.ActiveCfg = Debug|Any CPU
		{9379BCEA-10D3-44FF-B423-C3F197F2FA4B}.Debug|Any CPU.Build.0 = Debug|Any CPU
		{9379BCEA-10D3-44FF-B423-C3F197F2FA4B}.Release|Any CPU.ActiveCfg = Release|Any CPU
		{9379BCEA-10D3-44FF-B423-C3F197F2FA4B}.Release|Any CPU.Build.0 = Release|Any CPU
	EndGlobalSection
	GlobalSection(SolutionProperties) = preSolution
		HideSolutionNode = FALSE
	EndGlobalSection
	GlobalSection(ExtensibilityGlobals) = postSolution
		SolutionGuid = {DF24E4F4-7C73-4B28-BE9E-DB19471A68D5}
	EndGlobalSection
EndGlobal
