
Microsoft Visual Studio Solution File, Format Version 12.00
# Visual Studio Version 16
VisualStudioVersion = 16.0.31005.135
MinimumVisualStudioVersion = 10.0.40219.1
Project("{FAE04EC0-301F-11D3-BF4B-00C04F79EFBC}") = "TrackingRotator", "TrackingRotator.csproj", "{652FEBB3-E7BD-4F5C-8AC4-51E36B19BC9D}"
EndProject
Global
	GlobalSection(SolutionConfigurationPlatforms) = preSolution
		Debug|Any CPU = Debug|Any CPU
		Release|Any CPU = Release|Any CPU
	EndGlobalSection
	GlobalSection(ProjectConfigurationPlatforms) = postSolution
		{652FEBB3-E7BD-4F5C-8AC4-51E36B19BC9D}.Debug|Any CPU.ActiveCfg = Debug|Any CPU
		{652FEBB3-E7BD-4F5C-8AC4-51E36B19BC9D}.Debug|Any CPU.Build.0 = Debug|Any CPU
		{652FEBB3-E7BD-4F5C-8AC4-51E36B19BC9D}.Release|Any CPU.ActiveCfg = Release|Any CPU
		{652FEBB3-E7BD-4F5C-8AC4-51E36B19BC9D}.Release|Any CPU.Build.0 = Release|Any CPU
	EndGlobalSection
	GlobalSection(SolutionProperties) = preSolution
		HideSolutionNode = FALSE
	EndGlobalSection
	GlobalSection(ExtensibilityGlobals) = postSolution
		SolutionGuid = {184DD356-DD8B-4738-9E83-AE05BC75CF89}
	EndGlobalSection
EndGlobal
